github.com/c2h5oh/datasize v0.0.0-20200825124411-48ed595a09d2 h1:t8KYCwSKsOEZBFELI4Pn/phbp38iJ1RRAkDFNin1aak=
github.com/c2h5oh/datasize v0.0.0-20200825124411-48ed595a09d2/go.mod h1:S/7n9copUssQ56c7aAgHqftWO4LTf4xY6CGWt8Bc+3M=
github.com/davecgh/go-spew v1.1.1 h1:vj9j/u1bqnvCEfJOwUhtlOARqs3+rkHYY13jYWTU97c=
github.com/davecgh/go-spew v1.1.1/go.mod h1:J7Y8YcW2NihsgmVo/mv3lAwl/skON4iLHjSsI+c5H38=
github.com/ghodss/yaml v1.0.0 h1:wQHKEahhL6wmXdzwWG11gIVCkOv05bNOh+Rxn0yngAk=
github.com/ghodss/yaml v1.0.0/go.mod h1:4dBDuWmgqj2HViK6kFavaiC9ZROes6MMH2rRYeMEF04=
github.com/golang-jwt/jwt/v4 v4.5.0 h1:7cYmW1XlMY7h7ii7UhUyChSgS5wUJEnm9uZVTGqOWzg=
github.com/golang-jwt/jwt/v4 v4.5.0/go.mod h1:m21LjoU+eqJr34lmDMbreY2eSTRJ1cv77w39/MY0Ch0=
github.com/google/go-cmp v0.6.0 h1:ofyhxvXcZhMsU5ulbFiLKl/XBFqE1GSq7atu8tAmTRI=
github.com/google/go-cmp v0.6.0/go.mod h1:17dUlkBOakJ0+DkrSSNjCkIjxS6bF9zb3elmeNGIjoY=
github.com/google/uuid v1.6.0 h1:NIvaJDMOsjHA8n1jAhLSgzrAzy1Hgr+hNrb57e+94F0=
github.com/google/uuid v1.6.0/go.mod h1:TIyPZe4MgqvfeYDBFedMoGGpEw/LqOeaOT+nhxU+yHo=
github.com/hashicorp/errwrap v1.0.0 h1:hLrqtEDnRye3+sgx6z4qVLNuviH3MR5aQ0ykNJa/UYA=
github.com/hashicorp/errwrap v1.0.0/go.mod h1:YH+1FKiLXxHSkmPseP+kNlulaMuP3n2brvKWEqk/Jc4=
github.com/hashicorp/go-multierror v1.1.1 h1:H5DkEtf6CXdFp0N0Em5UCwQpXMWke8IA0+lD48awMYo=
github.com/hashicorp/go-multierror v1.1.1/go.mod h1:iw975J/qwKPdAO1clOe2L8331t/9/fmwbPZ6JB6eMoM=
github.com/mitchellh/go-testing-interface v1.14.1 h1:jrgshOhYAUVNMAJiKbEu7EqAwgJJ2JqpQmpLJOu07cU=
github.com/mitchellh/go-testing-interface v1.14.1/go.mod h1:gfgS7OtZj6MA4U1UrDRp04twqAjfvlZyCfX3sDjEym8=
github.com/pmezard/go-difflib v1.0.0 h1:4DBwDE0NGyQoBHbLQYPwSUPoCMWR5BEzIk/f1lZbAQM=
github.com/pmezard/go-difflib v1.0.0/go.mod h1:iKH77koFhYxTK1pcRnkKkqfTogsbg7gZNVY4sRDYZ/4=
github.com/stretchr/objx v0.5.2 h1:xuMeJ0Sdp5ZMRXx/aWO6RZxdr3beISkG5/G/aIRr3pY=
github.com/stretchr/objx v0.5.2/go.mod h1:FRsXN1f5AsAjCGJKqEizvkpNtU+EGNCLh3NxZ/8L+MA=
github.com/stretchr/testify v1.9.0 h1:HtqpIVDClZ4nwg75+f6Lvsy/wHu+3BoSGCbBAcpTsTg=
github.com/stretchr/testify v1.9.0/go.mod h1:r2ic/lqez/lEtzL7wO/rwa5dbSLXVDPFyf8C91i36aY=
github.com/yandex-cloud/go-genproto v0.0.0-20250415125903-e04f82fce08c h1:AHeznzpDGX4AJKA1m0oKFtbxCoPidfNA8LJFl5OxIEQ=
github.com/yandex-cloud/go-genproto v0.0.0-20250415125903-e04f82fce08c/go.mod h1:0LDD/IZLIUIV4iPH+YcF+jysO3jkSvADFGm4dCAuwQo=
golang.org/x/net v0.38.0 h1:vRMAPTMaeGqVhG5QyLJHqNDwecKTomGeqbnfZyKlBI8=
golang.org/x/net v0.38.0/go.mod h1:ivrbrMbzFq5J41QOQh0siUuly180yBYtLp+CKbEaFx8=
golang.org/x/sys v0.31.0 h1:ioabZlmFYtWhL+TRYpcnNlLwhyxaM9kWTDEmfnprqik=
golang.org/x/sys v0.31.0/go.mod h1:BJP2sWEmIv4KK5OTEluFJCKSidICx8ciO85XgH3Ak8k=
golang.org/x/text v0.23.0 h1:D71I7dUrlY+VX0gQShAThNGHFxZ13dGLBHQLVl1mJlY=
golang.org/x/text v0.23.0/go.mod h1:/BLNzu4aZCJ1+kcD0DNRotWKage4q2rGVAg4o22unh4=
google.golang.org/genproto v0.0.0-20240903143218-8af14fe29dc1 h1:BulPr26Jqjnd4eYDVe+YvyR7Yc2vJGkO5/0UxD0/jZU=
google.golang.org/genproto v0.0.0-20240903143218-8af14fe29dc1/go.mod h1:hL97c3SYopEHblzpxRL4lSs523++l8DYxGM1FQiYmb4=
google.golang.org/genproto/googleapis/api v0.0.0-20240903143218-8af14fe29dc1 h1:hjSy6tcFQZ171igDaN5QHOw2n6vx40juYbC/x67CEhc=
google.golang.org/genproto/googleapis/api v0.0.0-20240903143218-8af14fe29dc1/go.mod h1:qpvKtACPCQhAdu3PyQgV4l3LMXZEtft7y8QcarRsp9I=
google.golang.org/genproto/googleapis/rpc v0.0.0-20240903143218-8af14fe29dc1 h1:pPJltXNxVzT4pK9yD8vR9X75DaWYYmLGMsEvBfFQZzQ=
google.golang.org/genproto/googleapis/rpc v0.0.0-20240903143218-8af14fe29dc1/go.mod h1:UqMtugtsSgubUsoxbuAoiCXvqvErP7Gf0so0mK9tHxU=
google.golang.org/grpc v1.66.2 h1:3QdXkuq3Bkh7w+ywLdLvM56cmGvQHUMZpiCzt6Rqaoo=
google.golang.org/grpc v1.66.2/go.mod h1:s3/l6xSSCURdVfAnL+TqCNMyTDAGN6+lZeVxnZR128Y=
google.golang.org/protobuf v1.34.2 h1:6xV6lTsCfpGD21XK49h7MhtcApnLqkfYgPcdHftf6hg=
google.golang.org/protobuf v1.34.2/go.mod h1:qYOHts0dSfpeUzUFpOMr/WGzszTmLH+DiWniOlNbLDw=
gopkg.in/check.v1 v0.0.0-20161208181325-20d25e280405 h1:yhCVgyC4o1eVCa2tZl7eS0r+SDo693bJlVdllGtEeKM=
gopkg.in/check.v1 v0.0.0-20161208181325-20d25e280405/go.mod h1:Co6ibVJAznAaIkqp8huTwlJQCZ016jof/cbN4VW5Yz0=
gopkg.in/yaml.v2 v2.4.0 h1:D8xgwECY7CYvx+Y2n4sBz93Jn9JRvxdiyyo8CTfuKaY=
gopkg.in/yaml.v2 v2.4.0/go.mod h1:RDklbk79AGWmwhnvt/jBztapEOGDOx6ZbXqjP6csGnQ=
gopkg.in/yaml.v3 v3.0.1 h1:fxVm/GzAzEWqLHuvctI91KS9hhNmmWOoWu0XTYJS7CA=
gopkg.in/yaml.v3 v3.0.1/go.mod h1:K4uyk7z7BCEPqu6E+C64Yfv1cQ7kz7rIZviUmN+EgEM=
