github.com/c2h5oh/datasize v0.0.0-20231215233829-aa82cc1e6500 h1:6lhrsTEnloDPXyeZBvSYvQf8u86jbKehZPVDDlkgDl4=
github.com/c2h5oh/datasize v0.0.0-20231215233829-aa82cc1e6500/go.mod h1:S/7n9copUssQ56c7aAgHqftWO4LTf4xY6CGWt8Bc+3M=
github.com/davecgh/go-spew v1.1.1 h1:vj9j/u1bqnvCEfJOwUhtlOARqs3+rkHYY13jYWTU97c=
github.com/davecgh/go-spew v1.1.1/go.mod h1:J7Y8YcW2NihsgmVo/mv3lAwl/skON4iLHjSsI+c5H38=
github.com/fatih/color v1.16.0 h1:zmkK9Ngbjj+K0yRhTVONQh1p/HknKYSlNT+vZCzyokM=
github.com/fatih/color v1.16.0/go.mod h1:fL2Sau1YI5c0pdGEVCbKQbLXB6edEj1ZgiY4NijnWvE=
github.com/ghodss/yaml v1.0.0 h1:wQHKEahhL6wmXdzwWG11gIVCkOv05bNOh+Rxn0yngAk=
github.com/ghodss/yaml v1.0.0/go.mod h1:4dBDuWmgqj2HViK6kFavaiC9ZROes6MMH2rRYeMEF04=
github.com/go-logr/logr v1.4.3 h1:CjnDlHq8ikf6E492q6eKboGOC0T8CDaOvkHCIg8idEI=
github.com/go-logr/logr v1.4.3/go.mod h1:9T104GzyrTigFIr8wt5mBrctHMim0Nb2HLGrmQ40KvY=
github.com/go-logr/stdr v1.2.2 h1:hSWxHoqTgW2S2qGc0LTAI563KZ5YKYRhT3MFKZMbjag=
github.com/go-logr/stdr v1.2.2/go.mod h1:mMo/vtBO5dYbehREoey6XUKy/eSumjCCveDpRre4VKE=
github.com/golang-jwt/jwt/v4 v4.5.2 h1:YtQM7lnr8iZ+j5q71MGKkNw9Mn7AjHM68uc9g5fXeUI=
github.com/golang-jwt/jwt/v4 v4.5.2/go.mod h1:m21LjoU+eqJr34lmDMbreY2eSTRJ1cv77w39/MY0Ch0=
github.com/golang/protobuf v1.5.4 h1:i7eJL8qZTpSEXOPTxNKhASYpMn+8e5Q6AdndVa1dWek=
github.com/golang/protobuf v1.5.4/go.mod h1:lnTiLA8Wa4RWRcIUkrtSVa5nRhsEGBg48fD6rSs7xps=
github.com/google/go-cmp v0.7.0 h1:wk8382ETsv4JYUZwIsn6YpYiWiBsYLSJiTsyBybVuN8=
github.com/google/go-cmp v0.7.0/go.mod h1:pXiqmnSA92OHEEa9HXL2W4E7lf9JzCmGVUdgjX3N/iU=
github.com/google/uuid v1.6.0 h1:NIvaJDMOsjHA8n1jAhLSgzrAzy1Hgr+hNrb57e+94F0=
github.com/google/uuid v1.6.0/go.mod h1:TIyPZe4MgqvfeYDBFedMoGGpEw/LqOeaOT+nhxU+yHo=
github.com/hashicorp/go-cleanhttp v0.5.2 h1:035FKYIWjmULyFRBKPs8TBQoi0x6d9G4xc9neXJWAZQ=
github.com/hashicorp/go-cleanhttp v0.5.2/go.mod h1:kO/YDlP8L1346E6Sodw+PrpBSV4/SoxCXGY6BqNFT48=
github.com/hashicorp/go-hclog v1.6.3 h1:Qr2kF+eVWjTiYmU7Y31tYlP1h0q/X3Nl3tPGdaB11/k=
github.com/hashicorp/go-hclog v1.6.3/go.mod h1:W4Qnvbt70Wk/zYJryRzDRU/4r0kIg0PVHBcfoyhpF5M=
github.com/hashicorp/go-retryablehttp v0.7.7 h1:C8hUCYzor8PIfXHa4UrZkU4VvK8o9ISHxT2Q8+VepXU=
github.com/hashicorp/go-retryablehttp v0.7.7/go.mod h1:pkQpWZeYWskR+D1tR2O5OcBFOxfA7DoAO6xtkuQnHTk=
github.com/mattn/go-colorable v0.1.13 h1:fFA4WZxdEF4tXPZVKMLwD8oUnCTTo08duU7wxecdEvA=
github.com/mattn/go-colorable v0.1.13/go.mod h1:7S9/ev0klgBDR4GtXTXX8a3vIGJpMovkB8vQcUbaXHg=
github.com/mattn/go-isatty v0.0.20 h1:xfD0iDuEKnDkl03q4limB+vH+GxLEtL/jb4xVJSWWEY=
github.com/mattn/go-isatty v0.0.20/go.mod h1:W+V8PltTTMOvKvAeJH7IuucS94S2C6jfK/D7dTCTo3Y=
github.com/mitchellh/go-testing-interface v1.14.1 h1:jrgshOhYAUVNMAJiKbEu7EqAwgJJ2JqpQmpLJOu07cU=
github.com/mitchellh/go-testing-interface v1.14.1/go.mod h1:gfgS7OtZj6MA4U1UrDRp04twqAjfvlZyCfX3sDjEym8=
github.com/pkg/errors v0.9.1 h1:FEBLx1zS214owpjy7qsBeixbURkuhQAwrK5UwLGTwt4=
github.com/pkg/errors v0.9.1/go.mod h1:bwawxfHBFNV+L2hUp1rHADufV3IMtnDRdf1r5NINEl0=
github.com/pmezard/go-difflib v1.0.0 h1:4DBwDE0NGyQoBHbLQYPwSUPoCMWR5BEzIk/f1lZbAQM=
github.com/pmezard/go-difflib v1.0.0/go.mod h1:iKH77koFhYxTK1pcRnkKkqfTogsbg7gZNVY4sRDYZ/4=
github.com/stretchr/testify v1.10.0 h1:Xv5erBjTwe/5IxqUQTdXv5kgmIvbHo3QQyRwhJsOfJA=
github.com/stretchr/testify v1.10.0/go.mod h1:r2ic/lqez/lEtzL7wO/rwa5dbSLXVDPFyf8C91i36aY=
github.com/yandex-cloud/go-genproto v0.22.0 h1:v6qSRdEW7NrPSSzmj8fBaTLiHXAxDTgV/bCI69FHHWQ=
github.com/yandex-cloud/go-genproto v0.22.0/go.mod h1:0LDD/IZLIUIV4iPH+YcF+jysO3jkSvADFGm4dCAuwQo=
github.com/yandex-cloud/go-sdk/services/compute v1.0.17 h1:ByQGhj51UWiQ02cnyBTK22fwDWQS4IkP6lxWhiVZwjM=
github.com/yandex-cloud/go-sdk/services/compute v1.0.17/go.mod h1:6KVadiHcjMRfsi7mv2TClMiRYIc18Jd4NDmo2RbnuUs=
github.com/yandex-cloud/go-sdk/services/lockbox v0.0.12 h1:+DGp6z1smxBC+fDJSO+10Y0G1zQ/XRocZt3IwqNsOwE=
github.com/yandex-cloud/go-sdk/services/lockbox v0.0.12/go.mod h1:X+H2rpukyq5TyGCL2KZQ4yoXDtexi5MFDQNZ3e2hAMQ=
github.com/yandex-cloud/go-sdk/services/marketplace/licensemanager v0.0.2 h1:QNuyrQb/hFyXoaNSerjUd1YmtBmb5GIWljwOEGZd2VI=
github.com/yandex-cloud/go-sdk/services/marketplace/licensemanager v0.0.2/go.mod h1:yqkJlK3fIznsI25HBAzBHrCFddMxiF9y2abz5cmX2b4=
github.com/yandex-cloud/go-sdk/services/mdb/clickhouse v0.0.2 h1:o/JL/eUDs+xiJ17UvxjjO8th7w2Ck6WeI0223PQOln4=
github.com/yandex-cloud/go-sdk/services/mdb/clickhouse v0.0.2/go.mod h1:UetAWioplig+6YIohE03EaSpo53PK33kfObifhY9fo4=
github.com/yandex-cloud/go-sdk/services/mdb/mongodb v0.0.2 h1:1juS57mQUfyyC+oAWmqtuvUGQrHmQ9j2L+IMsmgKK9I=
github.com/yandex-cloud/go-sdk/services/mdb/mongodb v0.0.2/go.mod h1:FSqAb3Xk/V91CBgxAxKIb5WaQYn+3iv6lnZOlcS10xk=
github.com/yandex-cloud/go-sdk/services/mdb/postgresql v0.0.2 h1:aYWQkUAIfhRMCPZz91z7Pc8DXrfoHAS7isvcvO3t/Qk=
github.com/yandex-cloud/go-sdk/services/mdb/postgresql v0.0.2/go.mod h1:O+CPI4LGNvT3gQ/DlqbWadXcJ88gFQAI3rPjV3JG8gE=
github.com/yandex-cloud/go-sdk/services/vpc v0.0.12 h1:LDVIgGwTX+HF163KPQw+Mq9MIobAkIcBGUG4ZCT6FYA=
github.com/yandex-cloud/go-sdk/services/vpc v0.0.12/go.mod h1:SEX3A8WeL0K7BjmgALMMIsxw3Lj/kddKHMuEivVpr7A=
github.com/yandex-cloud/go-sdk/v2 v2.9.0 h1:d74nfRXhnKuZO3Mawzk1U+K6biyq5LF7jVzaNn7Jn0E=
github.com/yandex-cloud/go-sdk/v2 v2.9.0/go.mod h1:0ZG2ecqRksqAPOoBe1UdbgJHt15M1MbvmBw2ifmoCqM=
go.opentelemetry.io/auto/sdk v1.1.0 h1:cH53jehLUN6UFLY71z+NDOiNJqDdPRaXzTel0sJySYA=
go.opentelemetry.io/auto/sdk v1.1.0/go.mod h1:3wSPjt5PWp2RhlCcmmOial7AvC4DQqZb7a7wCow3W8A=
go.opentelemetry.io/otel v1.37.0 h1:9zhNfelUvx0KBfu/gb+ZgeAfAgtWrfHJZcAqFC228wQ=
go.opentelemetry.io/otel v1.37.0/go.mod h1:ehE/umFRLnuLa/vSccNq9oS1ErUlkkK71gMcN34UG8I=
go.opentelemetry.io/otel/metric v1.37.0 h1:mvwbQS5m0tbmqML4NqK+e3aDiO02vsf/WgbsdpcPoZE=
go.opentelemetry.io/otel/metric v1.37.0/go.mod h1:04wGrZurHYKOc+RKeye86GwKiTb9FKm1WHtO+4EVr2E=
go.opentelemetry.io/otel/sdk v1.37.0 h1:ItB0QUqnjesGRvNcmAcU0LyvkVyGJ2xftD29bWdDvKI=
go.opentelemetry.io/otel/sdk v1.37.0/go.mod h1:VredYzxUvuo2q3WRcDnKDjbdvmO0sCzOvVAiY+yUkAg=
go.opentelemetry.io/otel/sdk/metric v1.37.0 h1:90lI228XrB9jCMuSdA0673aubgRobVZFhbjxHHspCPc=
go.opentelemetry.io/otel/sdk/metric v1.37.0/go.mod h1:cNen4ZWfiD37l5NhS+Keb5RXVWZWpRE+9WyVCpbo5ps=
go.opentelemetry.io/otel/trace v1.37.0 h1:HLdcFNbRQBE2imdSEgm/kwqmQj1Or1l/7bW6mxVK7z4=
go.opentelemetry.io/otel/trace v1.37.0/go.mod h1:TlgrlQ+PtQO5XFerSPUYG0JSgGyryXewPGyayAWSBS0=
go.uber.org/goleak v1.3.0 h1:2K3zAYmnTNqV73imy9J1T3WC+gmCePx2hEGkimedGto=
go.uber.org/goleak v1.3.0/go.mod h1:CoHD4mav9JJNrW/WLlf7HGZPjdw8EucARQHekz1X6bE=
go.uber.org/multierr v1.10.0 h1:S0h4aNzvfcFsC3dRF1jLoaov7oRaKqRGC/pUEJ2yvPQ=
go.uber.org/multierr v1.10.0/go.mod h1:20+QtiLqy0Nd6FdQB9TLXag12DsQkrbs3htMFfDN80Y=
go.uber.org/zap v1.27.0 h1:aJMhYGrd5QSmlpLMr2MftRKl7t8J8PTZPA732ud/XR8=
go.uber.org/zap v1.27.0/go.mod h1:GB2qFLM7cTU87MWRP2mPIjqfIDnGu+VIO4V/SdhGo2E=
golang.org/x/net v0.43.0 h1:lat02VYK2j4aLzMzecihNvTlJNQUq316m2Mr9rnM6YE=
golang.org/x/net v0.43.0/go.mod h1:vhO1fvI4dGsIjh73sWfUVjj3N7CA9WkKJNQm2svM6Jg=
golang.org/x/sync v0.16.0 h1:ycBJEhp9p4vXvUZNszeOq0kGTPghopOL8q0fq3vstxw=
golang.org/x/sync v0.16.0/go.mod h1:1dzgHSNfp02xaA81J2MS99Qcpr2w7fw1gpm99rleRqA=
golang.org/x/sys v0.35.0 h1:vz1N37gP5bs89s7He8XuIYXpyY0+QlsKmzipCbUtyxI=
golang.org/x/sys v0.35.0/go.mod h1:BJP2sWEmIv4KK5OTEluFJCKSidICx8ciO85XgH3Ak8k=
golang.org/x/text v0.28.0 h1:rhazDwis8INMIwQ4tpjLDzUhx6RlXqZNPEM0huQojng=
golang.org/x/text v0.28.0/go.mod h1:U8nCwOR8jO/marOQ0QbDiOngZVEBB7MAiitBuMjXiNU=
gonum.org/v1/gonum v0.16.0 h1:5+ul4Swaf3ESvrOnidPp4GZbzf0mxVQpDCYUQE7OJfk=
gonum.org/v1/gonum v0.16.0/go.mod h1:fef3am4MQ93R2HHpKnLk4/Tbh/s0+wqD5nfa6Pnwy4E=
google.golang.org/genproto v0.0.0-20240903143218-8af14fe29dc1 h1:BulPr26Jqjnd4eYDVe+YvyR7Yc2vJGkO5/0UxD0/jZU=
google.golang.org/genproto v0.0.0-20240903143218-8af14fe29dc1/go.mod h1:hL97c3SYopEHblzpxRL4lSs523++l8DYxGM1FQiYmb4=
google.golang.org/genproto/googleapis/api v0.0.0-20250818200422-3122310a409c h1:AtEkQdl5b6zsybXcbz00j1LwNodDuH6hVifIaNqk7NQ=
google.golang.org/genproto/googleapis/api v0.0.0-20250818200422-3122310a409c/go.mod h1:ea2MjsO70ssTfCjiwHgI0ZFqcw45Ksuk2ckf9G468GA=
google.golang.org/genproto/googleapis/rpc v0.0.0-20250818200422-3122310a409c h1:qXWI/sQtv5UKboZ/zUk7h+mrf/lXORyI+n9DKDAusdg=
google.golang.org/genproto/googleapis/rpc v0.0.0-20250818200422-3122310a409c/go.mod h1:gw1tLEfykwDz2ET4a12jcXt4couGAm7IwsVaTy0Sflo=
google.golang.org/grpc v1.75.0 h1:+TW+dqTd2Biwe6KKfhE5JpiYIBWq865PhKGSXiivqt4=
google.golang.org/grpc v1.75.0/go.mod h1:JtPAzKiq4v1xcAB2hydNlWI2RnF85XXcV0mhKXr2ecQ=
google.golang.org/protobuf v1.36.8 h1:xHScyCOEuuwZEc6UtSOvPbAT4zRh0xcNRYekJwfqyMc=
google.golang.org/protobuf v1.36.8/go.mod h1:fuxRtAxBytpl4zzqUh6/eyUujkJdNiuEkXntxiD/uRU=
gopkg.in/check.v1 v0.0.0-20161208181325-20d25e280405 h1:yhCVgyC4o1eVCa2tZl7eS0r+SDo693bJlVdllGtEeKM=
gopkg.in/check.v1 v0.0.0-20161208181325-20d25e280405/go.mod h1:Co6ibVJAznAaIkqp8huTwlJQCZ016jof/cbN4VW5Yz0=
gopkg.in/yaml.v2 v2.4.0 h1:D8xgwECY7CYvx+Y2n4sBz93Jn9JRvxdiyyo8CTfuKaY=
gopkg.in/yaml.v2 v2.4.0/go.mod h1:RDklbk79AGWmwhnvt/jBztapEOGDOx6ZbXqjP6csGnQ=
gopkg.in/yaml.v3 v3.0.1 h1:fxVm/GzAzEWqLHuvctI91KS9hhNmmWOoWu0XTYJS7CA=
gopkg.in/yaml.v3 v3.0.1/go.mod h1:K4uyk7z7BCEPqu6E+C64Yfv1cQ7kz7rIZviUmN+EgEM=
